
Microsoft Visual Studio Solution File, Format Version 12.00
# Visual Studio 15
VisualStudioVersion = 15.0.28307.572
MinimumVisualStudioVersion = 10.0.40219.1
Project("{FAE04EC0-301F-11D3-BF4B-00C04F79EFBC}") = "behringer-routing", "behringer-routing\behringer-routing.csproj", "{B9942B86-F874-4FD0-9077-96A85660C155}"
EndProject
Global
	GlobalSection(SolutionConfigurationPlatforms) = preSolution
		Debug|Any CPU = Debug|Any CPU
		Release|Any CPU = Release|Any CPU
	EndGlobalSection
	GlobalSection(ProjectConfigurationPlatforms) = postSolution
		{B9942B86-F874-4FD0-9077-96A85660C155}.Debug|Any CPU.ActiveCfg = Debug|Any CPU
		{B9942B86-F874-4FD0-9077-96A85660C155}.Debug|Any CPU.Build.0 = Debug|Any CPU
		{B9942B86-F874-4FD0-9077-96A85660C155}.Release|Any CPU.ActiveCfg = Release|Any CPU
		{B9942B86-F874-4FD0-9077-96A85660C155}.Release|Any CPU.Build.0 = Release|Any CPU
	EndGlobalSection
	GlobalSection(SolutionProperties) = preSolution
		HideSolutionNode = FALSE
	EndGlobalSection
	GlobalSection(ExtensibilityGlobals) = postSolution
		SolutionGuid = {F58B359B-1416-46F4-89EE-6B798A923F01}
	EndGlobalSection
EndGlobal
